
Microsoft Visual Studio Solution File, Format Version 10.00
# Visual Studio 2008
Project("{FAE04EC0-301F-11D3-BF4B-00C04F79EFBC}") = "Pallendromes", "Pallendromes\Pallendromes.csproj", "{23934914-ADA5-4C36-8D87-7F1C4E5CAA3B}"
EndProject
Global
	GlobalSection(SolutionConfigurationPlatforms) = preSolution
		Debug|Any CPU = Debug|Any CPU
		Release|Any CPU = Release|Any CPU
	EndGlobalSection
	GlobalSection(ProjectConfigurationPlatforms) = postSolution
		{23934914-ADA5-4C36-8D87-7F1C4E5CAA3B}.Debug|Any CPU.ActiveCfg = Debug|Any CPU
		{23934914-ADA5-4C36-8D87-7F1C4E5CAA3B}.Debug|Any CPU.Build.0 = Debug|Any CPU
		{23934914-ADA5-4C36-8D87-7F1C4E5CAA3B}.Release|Any CPU.ActiveCfg = Release|Any CPU
		{23934914-ADA5-4C36-8D87-7F1C4E5CAA3B}.Release|Any CPU.Build.0 = Release|Any CPU
	EndGlobalSection
	GlobalSection(SolutionProperties) = preSolution
		HideSolutionNode = FALSE
	EndGlobalSection
EndGlobal
