
Microsoft Visual Studio Solution File, Format Version 10.00
# Visual Studio 2008
Project("{FAE04EC0-301F-11D3-BF4B-00C04F79EFBC}") = "RandomNumberTest", "RandomNumberTest\RandomNumberTest.csproj", "{B7B86E45-4E37-4A25-B038-E768B2B45107}"
EndProject
Global
	GlobalSection(SolutionConfigurationPlatforms) = preSolution
		Debug|Any CPU = Debug|Any CPU
		Release|Any CPU = Release|Any CPU
	EndGlobalSection
	GlobalSection(ProjectConfigurationPlatforms) = postSolution
		{B7B86E45-4E37-4A25-B038-E768B2B45107}.Debug|Any CPU.ActiveCfg = Debug|Any CPU
		{B7B86E45-4E37-4A25-B038-E768B2B45107}.Debug|Any CPU.Build.0 = Debug|Any CPU
		{B7B86E45-4E37-4A25-B038-E768B2B45107}.Release|Any CPU.ActiveCfg = Release|Any CPU
		{B7B86E45-4E37-4A25-B038-E768B2B45107}.Release|Any CPU.Build.0 = Release|Any CPU
	EndGlobalSection
	GlobalSection(SolutionProperties) = preSolution
		HideSolutionNode = FALSE
	EndGlobalSection
EndGlobal
